
Microsoft Visual Studio Solution File, Format Version 12.00
# Visual Studio Version 17
VisualStudioVersion = 17.3.32929.385
MinimumVisualStudioVersion = 10.0.40219.1
Project("{9A19103F-16F7-4668-BE54-9A1E7A4F7556}") = "DDD.Domain", "DDD.Domain\DDD.Domain.csproj", "{6F23E52C-B4AA-4F6A-BA62-F66DECDF90B9}"
EndProject
Project("{9A19103F-16F7-4668-BE54-9A1E7A4F7556}") = "DDD.Infrastructure", "DDD.Data\DDD.Infrastructure.csproj", "{A2C85519-462E-4456-A088-CAD6C6DBF978}"
EndProject
Project("{9A19103F-16F7-4668-BE54-9A1E7A4F7556}") = "DDD.Console", "DDD.Console\DDD.Console.csproj", "{B02A5604-6B36-4125-B258-C8210E783C18}"
EndProject
Project("{9A19103F-16F7-4668-BE54-9A1E7A4F7556}") = "DDD.WebApi", "DDD.WebApi\DDD.WebApi.csproj", "{9E2E5704-1B72-4EEF-A2D4-BE8578FC3382}"
EndProject
Project("{E53339B2-1760-4266-BCC7-CA923CBCF16C}") = "docker-compose", "docker-compose.dcproj", "{08318899-9161-4B74-9033-757DD375E9C3}"
EndProject
Global
	GlobalSection(SolutionConfigurationPlatforms) = preSolution
		Debug|Any CPU = Debug|Any CPU
		Release|Any CPU = Release|Any CPU
	EndGlobalSection
	GlobalSection(ProjectConfigurationPlatforms) = postSolution
		{6F23E52C-B4AA-4F6A-BA62-F66DECDF90B9}.Debug|Any CPU.ActiveCfg = Debug|Any CPU
		{6F23E52C-B4AA-4F6A-BA62-F66DECDF90B9}.Debug|Any CPU.Build.0 = Debug|Any CPU
		{6F23E52C-B4AA-4F6A-BA62-F66DECDF90B9}.Release|Any CPU.ActiveCfg = Release|Any CPU
		{6F23E52C-B4AA-4F6A-BA62-F66DECDF90B9}.Release|Any CPU.Build.0 = Release|Any CPU
		{A2C85519-462E-4456-A088-CAD6C6DBF978}.Debug|Any CPU.ActiveCfg = Debug|Any CPU
		{A2C85519-462E-4456-A088-CAD6C6DBF978}.Debug|Any CPU.Build.0 = Debug|Any CPU
		{A2C85519-462E-4456-A088-CAD6C6DBF978}.Release|Any CPU.ActiveCfg = Release|Any CPU
		{A2C85519-462E-4456-A088-CAD6C6DBF978}.Release|Any CPU.Build.0 = Release|Any CPU
		{B02A5604-6B36-4125-B258-C8210E783C18}.Debug|Any CPU.ActiveCfg = Debug|Any CPU
		{B02A5604-6B36-4125-B258-C8210E783C18}.Debug|Any CPU.Build.0 = Debug|Any CPU
		{B02A5604-6B36-4125-B258-C8210E783C18}.Release|Any CPU.ActiveCfg = Release|Any CPU
		{B02A5604-6B36-4125-B258-C8210E783C18}.Release|Any CPU.Build.0 = Release|Any CPU
		{9E2E5704-1B72-4EEF-A2D4-BE8578FC3382}.Debug|Any CPU.ActiveCfg = Debug|Any CPU
		{9E2E5704-1B72-4EEF-A2D4-BE8578FC3382}.Debug|Any CPU.Build.0 = Debug|Any CPU
		{9E2E5704-1B72-4EEF-A2D4-BE8578FC3382}.Release|Any CPU.ActiveCfg = Release|Any CPU
		{9E2E5704-1B72-4EEF-A2D4-BE8578FC3382}.Release|Any CPU.Build.0 = Release|Any CPU
		{08318899-9161-4B74-9033-757DD375E9C3}.Debug|Any CPU.ActiveCfg = Debug|Any CPU
		{08318899-9161-4B74-9033-757DD375E9C3}.Debug|Any CPU.Build.0 = Debug|Any CPU
		{08318899-9161-4B74-9033-757DD375E9C3}.Release|Any CPU.ActiveCfg = Release|Any CPU
		{08318899-9161-4B74-9033-757DD375E9C3}.Release|Any CPU.Build.0 = Release|Any CPU
	EndGlobalSection
	GlobalSection(SolutionProperties) = preSolution
		HideSolutionNode = FALSE
	EndGlobalSection
	GlobalSection(ExtensibilityGlobals) = postSolution
		SolutionGuid = {B9B12813-03CC-468B-BB6D-98F50C1C76B6}
	EndGlobalSection
EndGlobal
